#MicroXplorer Configuration settings - do not modify
Mcu.Family=STM32F1
ProjectManager.MainLocation=Core/Src
RCC.MCOFreq_Value=32000000
PC7.GPIOParameters=GPIO_Label
SH.S_TIM1_CH4.0=TIM1_CH4,PWM Generation4 CH4
ProjectManager.KeepUserCode=true
Mcu.UserName=STM32F103RBTx
SPI2.VirtualType=VM_MASTER
PB10.Mode=I2C
PC12.Locked=true
TIM1.IPParameters=Channel-PWM Generation3 CH3,Channel-PWM Generation4 CH4,Prescaler,Period,Channel-PWM Generation1 CH1,Channel-PWM Generation2 CH2
SH.ADCx_IN2.0=ADC1_IN2,IN2
PC10.Locked=true
RCC.PLLCLKFreq_Value=32000000
PC10.Signal=GPIO_Output
PC12.Signal=GPIO_Output
PC5.Locked=true
PC7.Locked=true
PA12.GPIOParameters=GPIO_Label
ProjectManager.functionlistsort=1-MX_GPIO_Init-GPIO-false-HAL-true,2-SystemClock_Config-RCC-false-HAL-false,3-MX_TIM1_Init-TIM1-false-HAL-true,4-MX_TIM2_Init-TIM2-false-HAL-true,5-MX_TIM3_Init-TIM3-false-HAL-true,6-MX_TIM4_Init-TIM4-false-HAL-true,7-MX_ADC1_Init-ADC1-false-HAL-true,8-MX_USART1_UART_Init-USART1-false-HAL-true,9-MX_I2C2_Init-I2C2-false-HAL-true,10-MX_SPI2_Init-SPI2-false-HAL-true
PC0.GPIOParameters=GPIO_Label
PA9.GPIOParameters=GPIO_Label
PA11.GPIOParameters=GPIO_Label
PC0.GPIO_Label=Light-Right_OUT
PC3.Locked=true
PC9.Locked=true
RCC.ADCFreqValue=8000000
PA6.GPIO_Label=EncoderR_CH1
PB0.GPIO_Label=Light-Left_IN8
PD2.Locked=true
PD2.GPIOParameters=GPIO_Label
SH.S_TIM1_CH3.ConfNb=1
SH.S_TIM1_CH1.ConfNb=1
USART1.IPParameters=VirtualMode
PC1.Locked=true
PB11.Signal=I2C2_SDA
PB13.Signal=SPI2_SCK
PB15.Signal=SPI2_MOSI
PA2.GPIOParameters=GPIO_Label
PinOutPanel.RotationAngle=0
RCC.SYSCLKSource=RCC_SYSCLKSOURCE_PLLCLK
ProjectManager.StackSize=0x400
PD1-OSC_OUT.Signal=RCC_OSC_OUT
Mcu.IP4=SPI2
RCC.FCLKCortexFreq_Value=32000000
Mcu.IP5=SYS
Mcu.IP2=NVIC
NVIC.SVCall_IRQn=true\:0\:0\:false\:false\:true\:false\:false
Mcu.IP3=RCC
Mcu.IP0=ADC1
PA12.Locked=true
Mcu.IP1=I2C2
PA12.Signal=GPIO_Output
TIM1.Prescaler=32-1
Mcu.UserConstants=
SH.S_TIM3_CH2.ConfNb=1
PC1.GPIOParameters=GPIO_Label
Mcu.ThirdPartyNb=0
TIM1.Channel-PWM\ Generation4\ CH4=TIM_CHANNEL_4
ADC1.Channel-3\#ChannelRegularConversion=ADC_CHANNEL_13
RCC.HCLKFreq_Value=32000000
Mcu.IPNb=11
ProjectManager.PreviousToolchain=
RCC.APB2TimFreq_Value=32000000
PB6.Signal=USART1_TX
ADC1.Channel-2\#ChannelRegularConversion=ADC_CHANNEL_15
PC7.Signal=GPIO_Input
PB6.Mode=Asynchronous
PC3.Signal=ADCx_IN13
PA8.GPIOParameters=GPIO_Label
Mcu.Pin6=PC2
Mcu.Pin7=PC3
Mcu.Pin8=PA0-WKUP
Mcu.Pin9=PA1
RCC.AHBFreq_Value=32000000
Mcu.Pin0=PC14-OSC32_IN
Mcu.Pin1=PC15-OSC32_OUT
GPIO.groupedBy=Group By Peripherals
Mcu.Pin2=PD0-OSC_IN
Mcu.Pin3=PD1-OSC_OUT
Mcu.Pin4=PC0
PA0-WKUP.GPIOParameters=GPIO_Label
Mcu.Pin5=PC1
ProjectManager.ProjectBuild=false
NVIC.UsageFault_IRQn=true\:0\:0\:false\:false\:true\:false\:false
NVIC.DebugMonitor_IRQn=true\:0\:0\:false\:false\:true\:false\:false
PA8.Locked=true
PA4.Locked=true
Mcu.IP10=USART1
SH.ADCx_IN15.0=ADC1_IN15,IN15
NVIC.SysTick_IRQn=true\:0\:0\:false\:false\:true\:false\:true
RCC.PLLMUL=RCC_PLL_MUL8
PB12.GPIO_Label=SPI2_CS
ProjectManager.FirmwarePackage=STM32Cube FW_F1 V1.8.4
ADC1.SamplingTime-4\#ChannelRegularConversion=ADC_SAMPLETIME_1CYCLE_5
MxDb.Version=DB.6.0.21
PB0.GPIOParameters=GPIO_Label
ADC1.Rank-2\#ChannelRegularConversion=2
PA1.GPIOParameters=GPIO_Label
ProjectManager.BackupPrevious=false
PC14-OSC32_IN.Mode=LSE-External-Oscillator
PC4.GPIO_Label=Light-FrontLeft_OUT
TIM1.Channel-PWM\ Generation1\ CH1=TIM_CHANNEL_1
PA14.Mode=Serial_Wire
PB14.Mode=Full_Duplex_Master
PB1.GPIO_Label=Light-Left_OUT
PC11.GPIO_Label=LED1
File.Version=6
PA10.GPIO_Label=MotorR_CH1
SH.ADCx_IN8.0=ADC1_IN8,IN8
SPI2.CalculateBaudRate=8.0 MBits/s
SH.ADCx_IN13.ConfNb=1
SH.ADCx_IN11.ConfNb=1
PB7.Signal=USART1_RX
PA8.Signal=S_TIM1_CH1
PB8.Locked=true
PB6.Locked=true
NVIC.PendSV_IRQn=true\:0\:0\:false\:false\:true\:false\:false
SH.S_TIM3_CH1.0=TIM3_CH1,Encoder_Interface
ProjectManager.HalAssertFull=false
PB0.Locked=true
VP_TIM1_VS_ClockSourceINT.Mode=Internal
ProjectManager.ProjectName=shu-poyo
RCC.PLLMCOFreq_Value=16000000
PC8.GPIOParameters=GPIO_Label
Mcu.Package=LQFP64
PB1.Signal=GPIO_Output
PA6.Signal=S_TIM3_CH1
PA7.Locked=true
PA5.Locked=true
SPI2.Mode=SPI_MODE_MASTER
ProjectManager.ToolChainLocation=
PA2.GPIO_Label=ADC_BATT
VP_SYS_VS_Systick.Signal=SYS_VS_Systick
PA10.Signal=S_TIM1_CH3
PA5.GPIOParameters=GPIO_Label
RCC.APB1TimFreq_Value=32000000
NVIC.BusFault_IRQn=true\:0\:0\:false\:false\:true\:false\:false
PC4.Locked=true
SPI2.Direction=SPI_DIRECTION_2LINES
PC5.Signal=ADCx_IN15
TIM1.Period=1000-1
PB13.Mode=Full_Duplex_Master
PA4.GPIO_Label=BUZZ-Level
PC2.GPIO_Label=Light-FrontRight_OUT
ProjectManager.CustomerFirmwarePackage=
PC4.GPIOParameters=GPIO_Label
ADC1.Rank-4\#ChannelRegularConversion=4
PA6.GPIOParameters=GPIO_Label
PC15-OSC32_OUT.Mode=LSE-External-Oscillator
ProjectManager.ProjectFileName=shu-poyo.ioc
SH.ADCx_IN13.0=ADC1_IN13,IN13
PB8.GPIOParameters=GPIO_Label
PD1-OSC_OUT.Mode=HSE-External-Oscillator
ADC1.Channel-4\#ChannelRegularConversion=ADC_CHANNEL_11
PC10.GPIO_Label=LED0
Mcu.PinsNb=45
PC9.GPIO_Label=SW2
ProjectManager.NoMain=false
PC11.Locked=true
ADC1.IPParameters=Rank-1\#ChannelRegularConversion,Channel-1\#ChannelRegularConversion,SamplingTime-1\#ChannelRegularConversion,NbrOfConversionFlag,master,Rank-2\#ChannelRegularConversion,Channel-2\#ChannelRegularConversion,SamplingTime-2\#ChannelRegularConversion,Rank-3\#ChannelRegularConversion,Channel-3\#ChannelRegularConversion,SamplingTime-3\#ChannelRegularConversion,NbrOfConversion,Rank-4\#ChannelRegularConversion,Channel-4\#ChannelRegularConversion,SamplingTime-4\#ChannelRegularConversion
PA9.GPIO_Label=MotorL_CH2
PC11.Signal=GPIO_Output
PC8.Signal=GPIO_Input
PC2.Signal=GPIO_Output
PC4.Signal=GPIO_Output
PA11.GPIO_Label=MotorR_CH2
ProjectManager.DefaultFWLocation=true
PD0-OSC_IN.Signal=RCC_OSC_IN
PB12.Locked=true
ProjectManager.DeletePrevious=true
PC0.Signal=GPIO_Output
RCC.APB1CLKDivider=RCC_HCLK_DIV2
PC14-OSC32_IN.Signal=RCC_OSC32_IN
PC11.GPIOParameters=GPIO_Label
SH.S_TIM2_CH1_ETR.ConfNb=1
PA12.GPIO_Label=Motor_Mode
ADC1.SamplingTime-2\#ChannelRegularConversion=ADC_SAMPLETIME_1CYCLE_5
RCC.FamilyName=M
PA0-WKUP.GPIO_Label=EncoderL_CH1
PA0-WKUP.Signal=S_TIM2_CH1_ETR
PA0-WKUP.Locked=true
RCC.ADCPresc=RCC_ADCPCLK2_DIV4
PC3.GPIOParameters=GPIO_Label
PC8.GPIO_Label=SW1
PC12.GPIOParameters=GPIO_Label
PA13.Signal=SYS_JTMS-SWDIO
PB8.GPIO_Label=BAT-LED
SH.S_TIM2_CH2.0=TIM2_CH2,Encoder_Interface
PA11.Locked=true
PA8.GPIO_Label=MotorL_CH1
SH.S_TIM1_CH1.0=TIM1_CH1,PWM Generation1 CH1
PB11.Mode=I2C
VP_TIM4_VS_ClockSourceINT.Signal=TIM4_VS_ClockSourceINT
ProjectManager.TargetToolchain=STM32CubeIDE
PC5.GPIOParameters=GPIO_Label
PA9.Signal=S_TIM1_CH2
SH.S_TIM2_CH2.ConfNb=1
VP_TIM1_VS_ClockSourceINT.Signal=TIM1_VS_ClockSourceINT
ADC1.Channel-1\#ChannelRegularConversion=ADC_CHANNEL_8
TIM1.Channel-PWM\ Generation2\ CH2=TIM_CHANNEL_2
SPI2.IPParameters=VirtualType,Mode,Direction,CalculateBaudRate
PC2.Locked=true
ProjectManager.RegisterCallBack=
RCC.USBFreq_Value=32000000
PC15-OSC32_OUT.Signal=RCC_OSC32_OUT
PA1.Signal=S_TIM2_CH2
PB1.Locked=true
SH.S_TIM1_CH2.ConfNb=1
PD0-OSC_IN.Mode=HSE-External-Oscillator
PB10.Signal=I2C2_SCL
PB14.Signal=SPI2_MISO
PA5.Signal=GPIO_Output
Mcu.Pin40=PB7
SH.S_TIM3_CH2.0=TIM3_CH2,Encoder_Interface
Mcu.Pin41=PB8
Mcu.Pin44=VP_TIM4_VS_ClockSourceINT
Mcu.Pin42=VP_SYS_VS_Systick
board=custom
Mcu.Pin43=VP_TIM1_VS_ClockSourceINT
ProjectManager.LastFirmware=true
PB15.Mode=Full_Duplex_Master
RCC.APB2Freq_Value=32000000
SH.ADCx_IN11.0=ADC1_IN11,IN11
MxCube.Version=6.2.1
Mcu.Pin37=PC12
Mcu.Pin38=PD2
SH.S_TIM1_CH2.0=TIM1_CH2,PWM Generation2 CH2
Mcu.Pin35=PC10
Mcu.Pin36=PC11
Mcu.Pin39=PB6
SH.ADCx_IN2.ConfNb=1
PC2.GPIOParameters=GPIO_Label
Mcu.Pin30=PA10
PA1.GPIO_Label=EncoderL_CH2
PC1.GPIO_Label=Light-Right_IN11
PA10.GPIOParameters=GPIO_Label
VP_SYS_VS_Systick.Mode=SysTick
Mcu.Pin33=PA13
Mcu.Pin34=PA14
SH.ADCx_IN15.ConfNb=1
Mcu.Pin31=PA11
Mcu.Pin32=PA12
PA9.Locked=true
NVIC.NonMaskableInt_IRQn=true\:0\:0\:false\:false\:true\:false\:false
PA4.GPIOParameters=GPIO_Label
PC10.GPIOParameters=GPIO_Label
SH.ADCx_IN8.ConfNb=1
ADC1.NbrOfConversion=4
PA13.Mode=Serial_Wire
ProjectManager.FreePins=false
RCC.IPParameters=ADCFreqValue,ADCPresc,AHBFreq_Value,APB1CLKDivider,APB1Freq_Value,APB1TimFreq_Value,APB2Freq_Value,APB2TimFreq_Value,FCLKCortexFreq_Value,FamilyName,HCLKFreq_Value,MCOFreq_Value,PLLCLKFreq_Value,PLLMCOFreq_Value,PLLMUL,SYSCLKFreq_VALUE,SYSCLKSource,TimSysFreq_Value,USBFreq_Value
PC9.GPIOParameters=GPIO_Label
ProjectManager.AskForMigrate=true
Mcu.Name=STM32F103R(8-B)Tx
Mcu.Pin26=PC8
Mcu.Pin27=PC9
PA2.Signal=ADCx_IN2
Mcu.Pin24=PB15
ProjectManager.UnderRoot=true
Mcu.Pin25=PC7
Mcu.IP8=TIM3
Mcu.IP9=TIM4
PC7.GPIO_Label=SW0
Mcu.Pin28=PA8
Mcu.IP6=TIM1
Mcu.Pin29=PA9
Mcu.IP7=TIM2
ProjectManager.CoupleFile=false
PA4.Signal=GPIO_Output
ADC1.SamplingTime-1\#ChannelRegularConversion=ADC_SAMPLETIME_1CYCLE_5
RCC.SYSCLKFreq_VALUE=32000000
Mcu.Pin22=PB13
Mcu.Pin23=PB14
RCC.TimSysFreq_Value=32000000
PA1.Locked=true
PA7.GPIO_Label=EncoderR_CH2
Mcu.Pin20=PB11
ADC1.master=1
Mcu.Pin21=PB12
PA5.GPIO_Label=BUZZ-OnOff
PA10.Locked=true
ADC1.Rank-3\#ChannelRegularConversion=3
ADC1.SamplingTime-3\#ChannelRegularConversion=ADC_SAMPLETIME_1CYCLE_5
NVIC.ForceEnableDMAVector=true
KeepUserPlacement=false
PC5.GPIO_Label=Light-FrontLeft_IN15
NVIC.MemoryManagement_IRQn=true\:0\:0\:false\:false\:true\:false\:false
PC12.GPIO_Label=LED2
USART1.VirtualMode=VM_ASYNC
ProjectManager.CompilerOptimize=6
ADC1.Rank-1\#ChannelRegularConversion=1
PA11.Signal=S_TIM1_CH4
PB7.Mode=Asynchronous
SH.S_TIM2_CH1_ETR.0=TIM2_CH1,Encoder_Interface
PA14.Signal=SYS_JTCK-SWCLK
ProjectManager.HeapSize=0x200
Mcu.Pin15=PC4
NVIC.HardFault_IRQn=true\:0\:0\:false\:false\:true\:false\:false
Mcu.Pin16=PC5
Mcu.Pin13=PA6
Mcu.Pin14=PA7
SH.S_TIM1_CH3.0=TIM1_CH3,PWM Generation3 CH3
Mcu.Pin19=PB10
SH.S_TIM3_CH1.ConfNb=1
ProjectManager.ComputerToolchain=false
Mcu.Pin17=PB0
Mcu.Pin18=PB1
VP_TIM4_VS_ClockSourceINT.Mode=Internal
NVIC.PriorityGroup=NVIC_PRIORITYGROUP_4
ADC1.NbrOfConversionFlag=1
Mcu.Pin11=PA4
Mcu.Pin12=PA5
Mcu.Pin10=PA2
PB7.Locked=true
PB8.Signal=GPIO_Output
PC3.GPIO_Label=Light-FrontRight_IN13
PC8.Locked=true
PC9.Signal=GPIO_Input
TIM1.Channel-PWM\ Generation3\ CH3=TIM_CHANNEL_3
PD2.Signal=GPIO_Output
NVIC.TIM4_IRQn=true\:0\:0\:false\:false\:true\:true\:true
RCC.APB1Freq_Value=16000000
PB0.Signal=ADCx_IN8
PA7.GPIOParameters=GPIO_Label
SH.S_TIM1_CH4.ConfNb=1
PC0.Locked=true
ProjectManager.DeviceId=STM32F103RBTx
PC1.Signal=ADCx_IN11
PB12.GPIOParameters=GPIO_Label
PB12.Signal=GPIO_Output
PD2.GPIO_Label=LED3
ProjectManager.LibraryCopy=1
PB1.GPIOParameters=GPIO_Label
PA7.Signal=S_TIM3_CH2
PA6.Locked=true
isbadioc=false
