#MicroXplorer Configuration settings - do not modify
Mcu.Family=STM32F1
ProjectManager.MainLocation=Core/Src
PA2.GPIO_PuPd=GPIO_NOPULL
RCC.MCOFreq_Value=32000000
USART2.IPParameters=VirtualMode
ProjectManager.KeepUserCode=true
Mcu.UserName=STM32F103RBTx
TIM1.IPParameters=Channel-PWM Generation1 CH1,Prescaler,Period
RCC.PLLCLKFreq_Value=32000000
PC13-TAMPER-RTC.GPIOParameters=GPIO_PuPd,GPIO_Label
PA14.GPIO_Label=TCK
PA3.GPIO_PuPd=GPIO_NOPULL
ProjectManager.functionlistsort=1-MX_GPIO_Init-GPIO-false-HAL-true,2-SystemClock_Config-RCC-false-HAL-false,3-MX_USART2_UART_Init-USART2-false-HAL-true,4-MX_TIM1_Init-TIM1-false-HAL-true,5-MX_TIM2_Init-TIM2-false-HAL-true
PA9.GPIOParameters=GPIO_Label
PA2.GPIO_Speed=GPIO_SPEED_FREQ_LOW
RCC.RTCFreq_Value=32768
RCC.ADCFreqValue=16000000
PA3.GPIOParameters=GPIO_Speed,GPIO_PuPd,GPIO_Label,GPIO_Mode
TIM2.EncoderMode=TIM_ENCODERMODE_TI12
SH.S_TIM1_CH1.ConfNb=1
PA3.GPIO_Speed=GPIO_SPEED_FREQ_LOW
PA2.GPIOParameters=GPIO_Speed,GPIO_PuPd,GPIO_Label,GPIO_Mode
PinOutPanel.RotationAngle=0
RCC.SYSCLKSource=RCC_SYSCLKSOURCE_PLLCLK
ProjectManager.StackSize=0x400
PD1-OSC_OUT.Locked=true
SH.GPXTI13.0=GPIO_EXTI13
PD1-OSC_OUT.Signal=RCC_OSC_OUT
Mcu.IP4=TIM2
RCC.FCLKCortexFreq_Value=32000000
Mcu.IP5=TIM4
NVIC.SVCall_IRQn=true\:0\:0\:false\:false\:true\:true\:false
Mcu.IP2=SYS
Mcu.IP3=TIM1
Mcu.IP0=NVIC
Mcu.IP1=RCC
TIM1.Prescaler=32-1
Mcu.UserConstants=
SH.GPXTI13.ConfNb=1
Mcu.ThirdPartyNb=0
RCC.HCLKFreq_Value=32000000
Mcu.IPNb=7
TIM2.IPParameters=EncoderMode
ProjectManager.PreviousToolchain=
RCC.APB2TimFreq_Value=32000000
PA8.GPIOParameters=GPIO_Label
Mcu.Pin6=PA1
Mcu.Pin7=PA2
Mcu.Pin8=PA3
Mcu.Pin9=PA5
RCC.AHBFreq_Value=32000000
Mcu.Pin0=PC13-TAMPER-RTC
Mcu.Pin1=PC14-OSC32_IN
Mcu.Pin2=PC15-OSC32_OUT
Mcu.Pin3=PD0-OSC_IN
Mcu.Pin4=PD1-OSC_OUT
NVIC.EXTI15_10_IRQn=true\:0\:0\:false\:false\:true\:true\:true
Mcu.Pin5=PA0-WKUP
ProjectManager.ProjectBuild=false
NVIC.UsageFault_IRQn=true\:0\:0\:false\:false\:true\:true\:false
NVIC.DebugMonitor_IRQn=true\:0\:0\:false\:false\:true\:true\:false
RCC.RTCClockSelection=RCC_RTCCLKSOURCE_LSE
NVIC.SysTick_IRQn=true\:0\:0\:false\:false\:true\:true\:true
RCC.PLLMUL=RCC_PLL_MUL8
ProjectManager.FirmwarePackage=STM32Cube FW_F1 V1.8.4
MxDb.Version=DB.6.0.21
ProjectManager.BackupPrevious=false
PC14-OSC32_IN.Mode=LSE-External-Oscillator
TIM1.Channel-PWM\ Generation1\ CH1=TIM_CHANNEL_1
PA14.Mode=Serial_Wire
PA5.GPIO_PuPd=GPIO_NOPULL
PB1.GPIO_Label=AIN1
File.Version=6
PB3.GPIOParameters=GPIO_Label
PA8.Signal=S_TIM1_CH1
NVIC.PendSV_IRQn=true\:0\:0\:false\:false\:true\:true\:false
TIM4.Period=1000-1
ProjectManager.HalAssertFull=false
VP_TIM1_VS_ClockSourceINT.Mode=Internal
ProjectManager.ProjectName=Motor
PA13.GPIOParameters=GPIO_Label
RCC.PLLMCOFreq_Value=16000000
Mcu.Package=LQFP64
PB1.Signal=GPIO_Output
PA5.Locked=true
USART2.VirtualMode=VM_ASYNC
PA14.Locked=true
PC13-TAMPER-RTC.GPIO_PuPd=GPIO_NOPULL
ProjectManager.ToolChainLocation=
PA2.GPIO_Label=USART_TX
VP_SYS_VS_Systick.Signal=SYS_VS_Systick
PA5.GPIOParameters=GPIO_Speed,GPIO_PuPd,GPIO_Label,GPIO_ModeDefaultOutputPP
RCC.APB1TimFreq_Value=32000000
NVIC.BusFault_IRQn=true\:0\:0\:false\:false\:true\:true\:false
TIM1.Period=1000-1
ProjectManager.CustomerFirmwarePackage=
PC14-OSC32_IN.Locked=true
PB3.Locked=true
PA3.Signal=USART2_RX
PA2.GPIO_Mode=GPIO_MODE_AF_PP
PA2.Locked=true
PB3.GPIO_Label=SWO
PC15-OSC32_OUT.Mode=LSE-External-Oscillator
ProjectManager.ProjectFileName=Motor.ioc
TIM4.AutoReloadPreload=TIM_AUTORELOAD_PRELOAD_DISABLE
PD1-OSC_OUT.Mode=HSE-External-Clock-Source
Mcu.PinsNb=19
ProjectManager.NoMain=false
PA9.GPIO_Label=MODE
PC13-TAMPER-RTC.Signal=GPXTI13
ProjectManager.DefaultFWLocation=true
PD0-OSC_IN.Signal=RCC_OSC_IN
ProjectManager.DeletePrevious=true
RCC.APB1CLKDivider=RCC_HCLK_DIV2
PC14-OSC32_IN.Signal=RCC_OSC32_IN
boardIOC=true
SH.S_TIM2_CH1_ETR.ConfNb=1
RCC.FamilyName=M
PA0-WKUP.Signal=S_TIM2_CH1_ETR
PA13.Signal=SYS_JTMS-SWDIO
PA3.Mode=Asynchronous
SH.S_TIM2_CH2.0=TIM2_CH2,Encoder_Interface
PA8.GPIO_Label=AIN2
PC15-OSC32_OUT.Locked=true
SH.S_TIM1_CH1.0=TIM1_CH1,PWM Generation1 CH1
VP_TIM4_VS_ClockSourceINT.Signal=TIM4_VS_ClockSourceINT
ProjectManager.TargetToolchain=STM32CubeIDE
TIM4.IPParameters=Prescaler,Period,AutoReloadPreload
PA3.GPIO_Mode=GPIO_MODE_AF_PP
PA9.Signal=GPIO_Output
SH.S_TIM2_CH2.ConfNb=1
VP_TIM1_VS_ClockSourceINT.Signal=TIM1_VS_ClockSourceINT
ProjectManager.RegisterCallBack=
PC13-TAMPER-RTC.Locked=true
RCC.USBFreq_Value=32000000
TIM4.Prescaler=32000-1
PC15-OSC32_OUT.Signal=RCC_OSC32_OUT
PA1.Signal=S_TIM2_CH2
PB1.Locked=true
PD0-OSC_IN.Mode=HSE-External-Clock-Source
PA5.Signal=GPIO_Output
board=NUCLEO-F103RB
ProjectManager.LastFirmware=true
PC13-TAMPER-RTC.GPIO_Label=B1 [Blue PushButton]
RCC.VCOOutput2Freq_Value=4000000
RCC.APB2Freq_Value=32000000
MxCube.Version=6.2.1
PA5.GPIO_ModeDefaultOutputPP=GPIO_MODE_OUTPUT_PP
VP_SYS_VS_Systick.Mode=SysTick
PA9.Locked=true
NVIC.NonMaskableInt_IRQn=true\:0\:0\:false\:false\:true\:true\:false
PA13.Mode=Serial_Wire
ProjectManager.FreePins=false
RCC.IPParameters=ADCFreqValue,AHBFreq_Value,APB1CLKDivider,APB1Freq_Value,APB1TimFreq_Value,APB2Freq_Value,APB2TimFreq_Value,FCLKCortexFreq_Value,FamilyName,HCLKFreq_Value,MCOFreq_Value,PLLCLKFreq_Value,PLLMCOFreq_Value,PLLMUL,RTCClockSelection,RTCFreq_Value,SYSCLKFreq_VALUE,SYSCLKSource,TimSysFreq_Value,USBFreq_Value,VCOOutput2Freq_Value
ProjectManager.AskForMigrate=true
Mcu.Name=STM32F103R(8-B)Tx
PA13.GPIO_Label=TMS
PA2.Signal=USART2_TX
ProjectManager.UnderRoot=true
Mcu.IP6=USART2
ProjectManager.CoupleFile=false
PB3.Signal=SYS_JTDO-TRACESWO
RCC.SYSCLKFreq_VALUE=32000000
RCC.TimSysFreq_Value=32000000
PA3.Locked=true
PA5.GPIO_Label=LD2 [Green Led]
NVIC.ForceEnableDMAVector=true
KeepUserPlacement=false
PA14.GPIOParameters=GPIO_Label
NVIC.MemoryManagement_IRQn=true\:0\:0\:false\:false\:true\:true\:false
PA13.Locked=true
ProjectManager.CompilerOptimize=6
SH.S_TIM2_CH1_ETR.0=TIM2_CH1,Encoder_Interface
PA14.Signal=SYS_JTCK-SWCLK
ProjectManager.HeapSize=0x200
Mcu.Pin15=PB3
NVIC.HardFault_IRQn=true\:0\:0\:false\:false\:true\:true\:false
Mcu.Pin16=VP_SYS_VS_Systick
Mcu.Pin13=PA13
Mcu.Pin14=PA14
ProjectManager.ComputerToolchain=false
Mcu.Pin17=VP_TIM1_VS_ClockSourceINT
Mcu.Pin18=VP_TIM4_VS_ClockSourceINT
VP_TIM4_VS_ClockSourceINT.Mode=Internal
PA5.GPIO_Speed=GPIO_SPEED_FREQ_LOW
NVIC.PriorityGroup=NVIC_PRIORITYGROUP_4
Mcu.Pin11=PA8
Mcu.Pin12=PA9
Mcu.Pin10=PB1
PA2.Mode=Asynchronous
NVIC.TIM4_IRQn=true\:0\:0\:false\:false\:true\:true\:true
RCC.APB1Freq_Value=16000000
PD0-OSC_IN.Locked=true
ProjectManager.DeviceId=STM32F103RBTx
ProjectManager.LibraryCopy=1
PA3.GPIO_Label=USART_RX
PB1.GPIOParameters=GPIO_Label
isbadioc=false
